<?xml version="1.0" encoding="utf-8"?>
<Project ToolsVersion="4.0" xmlns="http://schemas.microsoft.com/developer/msbuild/2003">
  <ItemGroup>
    <Filter Include="Source Files">
      <UniqueIdentifier>{4FC737F1-C7A5-4376-A066-2A32D752A2FF}</UniqueIdentifier>
      <Extensions>cpp;c;cc;cxx;def;odl;idl;hpj;bat;asm;asmx</Extensions>
    </Filter>
    <Filter Include="Header Files">
      <UniqueIdentifier>{93995380-89BD-4b04-88EB-625FBE52EBFB}</UniqueIdentifier>
      <Extensions>h;hh;hpp;hxx;hm;inl;inc;xsd</Extensions>
    </Filter>
    <Filter Include="Resource Files">
      <UniqueIdentifier>{67DA6AB6-F800-4c08-8B7A-83BB121AAD01}</UniqueIdentifier>
      <Extensions>rc;ico;cur;bmp;dlg;rc2;rct;bin;rgs;gif;jpg;jpeg;jpe;resx;tiff;tif;png;wav;mfcribbon-ms</Extensions>
    </Filter>
    <Filter Include="Form Files">
      <UniqueIdentifier>{99349809-55BA-4b9d-BF79-8FDBB0286EB3}</UniqueIdentifier>
      <Extensions>ui</Extensions>
    </Filter>
    <Filter Include="Resource Files">
      <UniqueIdentifier>{D9D6E242-F8AF-46E4-B9FD-80ECBC20BA3E}</UniqueIdentifier>
      <Extensions>qrc;*</Extensions>
      <ParseFiles>false</ParseFiles>
    </Filter>
    <Filter Include="Header Files\mainwindow">
      <UniqueIdentifier>{b1f2068f-9275-4c97-85c3-b78022f30822}</UniqueIdentifier>
    </Filter>
    <Filter Include="Header Files\Display">
      <UniqueIdentifier>{38a99bda-9383-4ba1-9d52-73d594ca71aa}</UniqueIdentifier>
    </Filter>
    <Filter Include="Header Files\Display\AbstractDisplay">
      <UniqueIdentifier>{d66d6169-8e86-4731-9d51-2b4e40e235ec}</UniqueIdentifier>
    </Filter>
    <Filter Include="Header Files\SettingsWidget">
      <UniqueIdentifier>{088ea8b5-8a94-4844-967e-e71741ecc420}</UniqueIdentifier>
    </Filter>
    <Filter Include="Header Files\Display\MonitorDisplay">
      <UniqueIdentifier>{5ec73cf6-5dae-4155-8a63-c923b0dc5505}</UniqueIdentifier>
    </Filter>
    <Filter Include="Header Files\Display\PlotterDisplay">
      <UniqueIdentifier>{c60b78ff-cd34-4366-8c75-3117f6810238}</UniqueIdentifier>
    </Filter>
    <Filter Include="Header Files\fit_generator">
      <UniqueIdentifier>{0e3248ef-dc8d-48a2-8a11-21a2bdeb779d}</UniqueIdentifier>
    </Filter>
  </ItemGroup>
  <ItemGroup>
    <QtRcc Include="Sonion.qrc">
      <Filter>Resource Files</Filter>
    </QtRcc>
    <QtUic Include="Sonion.ui">
      <Filter>Resource Files</Filter>
    </QtUic>
  </ItemGroup>
  <ItemGroup>
    <ClCompile Include="main.cpp">
      <Filter>Source Files</Filter>
    </ClCompile>
    <ClCompile Include="SettingsWidget.cpp">
      <Filter>Header Files\SettingsWidget</Filter>
    </ClCompile>
    <ClCompile Include="Sonion.cpp">
      <Filter>Header Files\mainwindow</Filter>
    </ClCompile>
    <ClCompile Include="AbstractDisplay.cpp">
      <Filter>Header Files\Display\AbstractDisplay</Filter>
    </ClCompile>
    <ClCompile Include="MonitorDisplay.cpp">
      <Filter>Header Files\Display\MonitorDisplay</Filter>
    </ClCompile>
    <ClCompile Include="PlotterDisplay.cpp">
      <Filter>Header Files\Display\PlotterDisplay</Filter>
    </ClCompile>
    <ClCompile Include="fit_generator.cpp">
      <Filter>Header Files\fit_generator</Filter>
    </ClCompile>
  </ItemGroup>
  <ItemGroup>
    <QtMoc Include="AbstractDisplay.h">
      <Filter>Header Files\Display\AbstractDisplay</Filter>
    </QtMoc>
    <QtMoc Include="Sonion.h">
      <Filter>Header Files\mainwindow</Filter>
    </QtMoc>
    <QtMoc Include="MonitorDisplay.h">
      <Filter>Header Files\Display\MonitorDisplay</Filter>
    </QtMoc>
    <QtMoc Include="SettingsWidget.h">
      <Filter>Header Files\SettingsWidget</Filter>
    </QtMoc>
    <QtMoc Include="PlotterDisplay.h">
      <Filter>Header Files\Display\PlotterDisplay</Filter>
    </QtMoc>
  </ItemGroup>
  <ItemGroup>
    <ClInclude Include="fit_generator.h">
      <Filter>Header Files\fit_generator</Filter>
    </ClInclude>
  </ItemGroup>
</Project>